
Microsoft Visual Studio Solution File, Format Version 12.00
# Visual Studio Version 17
VisualStudioVersion = 17.7.34024.191
MinimumVisualStudioVersion = 10.0.40219.1
Project("{9A19103F-16F7-4668-BE54-9A1E7A4F7556}") = "merval", "merval\merval.csproj", "{70D110ED-6BE3-47FA-8FEE-EF11952C8F3C}"
EndProject
Project("{9A19103F-16F7-4668-BE54-9A1E7A4F7556}") = "TestProject1", "TestProject1\TestProject1.csproj", "{F76FDD59-FBD6-4EBF-B15D-94FB6384F201}"
EndProject
Global
	GlobalSection(SolutionConfigurationPlatforms) = preSolution
		Debug|Any CPU = Debug|Any CPU
		Debug|x64 = Debug|x64
		Debug|x86 = Debug|x86
		Release|Any CPU = Release|Any CPU
		Release|x64 = Release|x64
		Release|x86 = Release|x86
	EndGlobalSection
	GlobalSection(ProjectConfigurationPlatforms) = postSolution
		{70D110ED-6BE3-47FA-8FEE-EF11952C8F3C}.Debug|Any CPU.ActiveCfg = Debug|Any CPU
		{70D110ED-6BE3-47FA-8FEE-EF11952C8F3C}.Debug|Any CPU.Build.0 = Debug|Any CPU
		{70D110ED-6BE3-47FA-8FEE-EF11952C8F3C}.Debug|x64.ActiveCfg = Debug|Any CPU
		{70D110ED-6BE3-47FA-8FEE-EF11952C8F3C}.Debug|x64.Build.0 = Debug|Any CPU
		{70D110ED-6BE3-47FA-8FEE-EF11952C8F3C}.Debug|x86.ActiveCfg = Debug|Any CPU
		{70D110ED-6BE3-47FA-8FEE-EF11952C8F3C}.Debug|x86.Build.0 = Debug|Any CPU
		{70D110ED-6BE3-47FA-8FEE-EF11952C8F3C}.Release|Any CPU.ActiveCfg = Release|Any CPU
		{70D110ED-6BE3-47FA-8FEE-EF11952C8F3C}.Release|Any CPU.Build.0 = Release|Any CPU
		{70D110ED-6BE3-47FA-8FEE-EF11952C8F3C}.Release|x64.ActiveCfg = Release|Any CPU
		{70D110ED-6BE3-47FA-8FEE-EF11952C8F3C}.Release|x64.Build.0 = Release|Any CPU
		{70D110ED-6BE3-47FA-8FEE-EF11952C8F3C}.Release|x86.ActiveCfg = Release|Any CPU
		{70D110ED-6BE3-47FA-8FEE-EF11952C8F3C}.Release|x86.Build.0 = Release|Any CPU
		{F76FDD59-FBD6-4EBF-B15D-94FB6384F201}.Debug|Any CPU.ActiveCfg = Debug|Any CPU
		{F76FDD59-FBD6-4EBF-B15D-94FB6384F201}.Debug|Any CPU.Build.0 = Debug|Any CPU
		{F76FDD59-FBD6-4EBF-B15D-94FB6384F201}.Debug|x64.ActiveCfg = Debug|Any CPU
		{F76FDD59-FBD6-4EBF-B15D-94FB6384F201}.Debug|x64.Build.0 = Debug|Any CPU
		{F76FDD59-FBD6-4EBF-B15D-94FB6384F201}.Debug|x86.ActiveCfg = Debug|Any CPU
		{F76FDD59-FBD6-4EBF-B15D-94FB6384F201}.Debug|x86.Build.0 = Debug|Any CPU
		{F76FDD59-FBD6-4EBF-B15D-94FB6384F201}.Release|Any CPU.ActiveCfg = Release|Any CPU
		{F76FDD59-FBD6-4EBF-B15D-94FB6384F201}.Release|Any CPU.Build.0 = Release|Any CPU
		{F76FDD59-FBD6-4EBF-B15D-94FB6384F201}.Release|x64.ActiveCfg = Release|Any CPU
		{F76FDD59-FBD6-4EBF-B15D-94FB6384F201}.Release|x64.Build.0 = Release|Any CPU
		{F76FDD59-FBD6-4EBF-B15D-94FB6384F201}.Release|x86.ActiveCfg = Release|Any CPU
		{F76FDD59-FBD6-4EBF-B15D-94FB6384F201}.Release|x86.Build.0 = Release|Any CPU
	EndGlobalSection
	GlobalSection(SolutionProperties) = preSolution
		HideSolutionNode = FALSE
	EndGlobalSection
	GlobalSection(ExtensibilityGlobals) = postSolution
		SolutionGuid = {FC1D779D-355B-45BE-952F-B2E6E75B0B00}
	EndGlobalSection
EndGlobal
